
Microsoft Visual Studio Solution File, Format Version 12.00
# Visual Studio Version 17
VisualStudioVersion = 17.5.002.0
MinimumVisualStudioVersion = 10.0.40219.1
Project("{9A19103F-16F7-4668-BE54-9A1E7A4F7556}") = "MyApp", "MyApp\MyApp.csproj", "{E69F0B2D-AFB9-422C-AE3B-2B9D8223D69B}"
EndProject
Global
	GlobalSection(SolutionConfigurationPlatforms) = preSolution
		Debug|Any CPU = Debug|Any CPU
		Release|Any CPU = Release|Any CPU
	EndGlobalSection
	GlobalSection(ProjectConfigurationPlatforms) = postSolution
		{E69F0B2D-AFB9-422C-AE3B-2B9D8223D69B}.Debug|Any CPU.ActiveCfg = Debug|Any CPU
		{E69F0B2D-AFB9-422C-AE3B-2B9D8223D69B}.Debug|Any CPU.Build.0 = Debug|Any CPU
		{E69F0B2D-AFB9-422C-AE3B-2B9D8223D69B}.Release|Any CPU.ActiveCfg = Release|Any CPU
		{E69F0B2D-AFB9-422C-AE3B-2B9D8223D69B}.Release|Any CPU.Build.0 = Release|Any CPU
	EndGlobalSection
	GlobalSection(SolutionProperties) = preSolution
		HideSolutionNode = FALSE
	EndGlobalSection
	GlobalSection(ExtensibilityGlobals) = postSolution
		SolutionGuid = {73D727DD-39C1-4BF9-A933-1EC3322DF553}
	EndGlobalSection
EndGlobal
