
Microsoft Visual Studio Solution File, Format Version 12.00
# Visual Studio Version 17
VisualStudioVersion = 17.5.002.0
MinimumVisualStudioVersion = 10.0.40219.1
Project("{9A19103F-16F7-4668-BE54-9A1E7A4F7556}") = "MyApp", "MyApp.csproj", "{CAACB82B-CEF8-4C0E-B90F-38E0399ADF2A}"
EndProject
Global
	GlobalSection(SolutionConfigurationPlatforms) = preSolution
		Debug|Any CPU = Debug|Any CPU
		Release|Any CPU = Release|Any CPU
	EndGlobalSection
	GlobalSection(ProjectConfigurationPlatforms) = postSolution
		{CAACB82B-CEF8-4C0E-B90F-38E0399ADF2A}.Debug|Any CPU.ActiveCfg = Debug|Any CPU
		{CAACB82B-CEF8-4C0E-B90F-38E0399ADF2A}.Debug|Any CPU.Build.0 = Debug|Any CPU
		{CAACB82B-CEF8-4C0E-B90F-38E0399ADF2A}.Release|Any CPU.ActiveCfg = Release|Any CPU
		{CAACB82B-CEF8-4C0E-B90F-38E0399ADF2A}.Release|Any CPU.Build.0 = Release|Any CPU
	EndGlobalSection
	GlobalSection(SolutionProperties) = preSolution
		HideSolutionNode = FALSE
	EndGlobalSection
	GlobalSection(ExtensibilityGlobals) = postSolution
		SolutionGuid = {136DB743-39F2-4203-9F7C-EB2C4D02A6C3}
	EndGlobalSection
EndGlobal
